
Microsoft Visual Studio Solution File, Format Version 12.00
# Visual Studio Version 17
VisualStudioVersion = 17.4.33122.133
MinimumVisualStudioVersion = 10.0.40219.1
Project("{FAE04EC0-301F-11D3-BF4B-00C04F79EFBC}") = "MVC-Test-Azure", "MVC-Test-Azure.csproj", "{60D73224-D304-4FB9-B43D-6B0C083AD855}"
EndProject
Global
	GlobalSection(SolutionConfigurationPlatforms) = preSolution
		Debug|Any CPU = Debug|Any CPU
		Release|Any CPU = Release|Any CPU
	EndGlobalSection
	GlobalSection(ProjectConfigurationPlatforms) = postSolution
		{60D73224-D304-4FB9-B43D-6B0C083AD855}.Debug|Any CPU.ActiveCfg = Debug|Any CPU
		{60D73224-D304-4FB9-B43D-6B0C083AD855}.Debug|Any CPU.Build.0 = Debug|Any CPU
		{60D73224-D304-4FB9-B43D-6B0C083AD855}.Release|Any CPU.ActiveCfg = Release|Any CPU
		{60D73224-D304-4FB9-B43D-6B0C083AD855}.Release|Any CPU.Build.0 = Release|Any CPU
	EndGlobalSection
	GlobalSection(SolutionProperties) = preSolution
		HideSolutionNode = FALSE
	EndGlobalSection
	GlobalSection(ExtensibilityGlobals) = postSolution
		SolutionGuid = {B9BC43DF-3090-41F4-AEFA-0D9E74D677C4}
	EndGlobalSection
EndGlobal
